
Microsoft Visual Studio Solution File, Format Version 12.00
# Visual Studio 15
Project("{FAE04EC0-301F-11D3-BF4B-00C04F79EFBC}") = "WebXRAssembly", "WebXRAssembly.csproj", "{7373E443-AC06-ED5C-4A59-844921BE226A}"
EndProject
Project("{FAE04EC0-301F-11D3-BF4B-00C04F79EFBC}") = "VRTK.Tilia.Package.Importer.Editor", "VRTK.Tilia.Package.Importer.Editor.csproj", "{8B31A05D-0037-6BEB-1587-23920C3752DE}"
EndProject
Global
	GlobalSection(SolutionConfigurationPlatforms) = preSolution
		Debug|Any CPU = Debug|Any CPU
		Release|Any CPU = Release|Any CPU
	EndGlobalSection
	GlobalSection(ProjectConfigurationPlatforms) = postSolution
		{7373E443-AC06-ED5C-4A59-844921BE226A}.Debug|Any CPU.ActiveCfg = Debug|Any CPU
		{7373E443-AC06-ED5C-4A59-844921BE226A}.Debug|Any CPU.Build.0 = Debug|Any CPU
		{7373E443-AC06-ED5C-4A59-844921BE226A}.Release|Any CPU.ActiveCfg = Release|Any CPU
		{7373E443-AC06-ED5C-4A59-844921BE226A}.Release|Any CPU.Build.0 = Release|Any CPU
		{8B31A05D-0037-6BEB-1587-23920C3752DE}.Debug|Any CPU.ActiveCfg = Debug|Any CPU
		{8B31A05D-0037-6BEB-1587-23920C3752DE}.Debug|Any CPU.Build.0 = Debug|Any CPU
		{8B31A05D-0037-6BEB-1587-23920C3752DE}.Release|Any CPU.ActiveCfg = Release|Any CPU
		{8B31A05D-0037-6BEB-1587-23920C3752DE}.Release|Any CPU.Build.0 = Release|Any CPU
	EndGlobalSection
	GlobalSection(SolutionProperties) = preSolution
		HideSolutionNode = FALSE
	EndGlobalSection
EndGlobal
